{
  "name": "prisma-sqlite",
  "version": "1.0.0",
  "lockfileVersion": 2,
  "requires": true,
  "packages": {
    "": {
      "name": "prisma-sqlite",
      "version": "1.0.0",
      "license": "MIT",
      "dependencies": {
        "@prisma/client": "5.1.1",
        "prisma": "5.1.1"
      },
      "devDependencies": {
        "@types/node": "^14.14.22",
        "ts-node": "^9.1.1",
        "typescript": "^4.1.3"
      }
    },
    "node_modules/@prisma/client": {
      "version": "5.1.1",
      "resolved": "https://registry.npmjs.org/@prisma/client/-/client-5.1.1.tgz",
      "integrity": "sha512-fxcCeK5pMQGcgCqCrWsi+I2rpIbk0rAhdrN+ke7f34tIrgPwA68ensrpin+9+fZvuV2OtzHmuipwduSY6HswdA==",
      "hasInstallScript": true,
      "dependencies": {
        "@prisma/engines-version": "5.1.1-1.6a3747c37ff169c90047725a05a6ef02e32ac97e"
      },
      "engines": {
        "node": ">=16.13"
      },
      "peerDependencies": {
        "prisma": "*"
      },
      "peerDependenciesMeta": {
        "prisma": {
          "optional": true
        }
      }
    },
    "node_modules/@prisma/engines": {
      "version": "5.1.1",
      "resolved": "https://registry.npmjs.org/@prisma/engines/-/engines-5.1.1.tgz",
      "integrity": "sha512-NV/4nVNWFZSJCCIA3HIFJbbDKO/NARc9ej0tX5S9k2EVbkrFJC4Xt9b0u4rNZWL4V+F5LAjvta8vzEUw0rw+HA==",
      "hasInstallScript": true
    },
    "node_modules/@prisma/engines-version": {
      "version": "5.1.1-1.6a3747c37ff169c90047725a05a6ef02e32ac97e",
      "resolved": "https://registry.npmjs.org/@prisma/engines-version/-/engines-version-5.1.1-1.6a3747c37ff169c90047725a05a6ef02e32ac97e.tgz",
      "integrity": "sha512-owZqbY/wucbr65bXJ/ljrHPgQU5xXTSkmcE/JcbqE1kusuAXV/TLN3/exmz21SZ5rJ7WDkyk70J2G/n68iogbQ=="
    },
    "node_modules/@types/node": {
      "version": "14.18.54",
      "dev": true,
      "license": "MIT"
    },
    "node_modules/arg": {
      "version": "4.1.3",
      "dev": true,
      "license": "MIT"
    },
    "node_modules/buffer-from": {
      "version": "1.1.1",
      "dev": true,
      "license": "MIT"
    },
    "node_modules/create-require": {
      "version": "1.1.1",
      "dev": true,
      "license": "MIT"
    },
    "node_modules/diff": {
      "version": "4.0.2",
      "dev": true,
      "license": "BSD-3-Clause",
      "engines": {
        "node": ">=0.3.1"
      }
    },
    "node_modules/make-error": {
      "version": "1.3.6",
      "dev": true,
      "license": "ISC"
    },
    "node_modules/prisma": {
      "version": "5.1.1",
      "resolved": "https://registry.npmjs.org/prisma/-/prisma-5.1.1.tgz",
      "integrity": "sha512-WJFG/U7sMmcc6TjJTTifTfpI6Wjoh55xl4AzopVwAdyK68L9/ogNo8QQ2cxuUjJf/Wa82z/uhyh3wMzvRIBphg==",
      "hasInstallScript": true,
      "dependencies": {
        "@prisma/engines": "5.1.1"
      },
      "bin": {
        "prisma": "build/index.js"
      },
      "engines": {
        "node": ">=16.13"
      }
    },
    "node_modules/source-map": {
      "version": "0.6.1",
      "dev": true,
      "license": "BSD-3-Clause",
      "engines": {
        "node": ">=0.10.0"
      }
    },
    "node_modules/source-map-support": {
      "version": "0.5.21",
      "dev": true,
      "license": "MIT",
      "dependencies": {
        "buffer-from": "^1.0.0",
        "source-map": "^0.6.0"
      }
    },
    "node_modules/ts-node": {
      "version": "9.1.1",
      "dev": true,
      "license": "MIT",
      "dependencies": {
        "arg": "^4.1.0",
        "create-require": "^1.1.0",
        "diff": "^4.0.1",
        "make-error": "^1.1.1",
        "source-map-support": "^0.5.17",
        "yn": "3.1.1"
      },
      "bin": {
        "ts-node": "dist/bin.js",
        "ts-node-script": "dist/bin-script.js",
        "ts-node-transpile-only": "dist/bin-transpile.js",
        "ts-script": "dist/bin-script-deprecated.js"
      },
      "engines": {
        "node": ">=10.0.0"
      },
      "peerDependencies": {
        "typescript": ">=2.7"
      }
    },
    "node_modules/typescript": {
      "version": "4.9.5",
      "dev": true,
      "license": "Apache-2.0",
      "bin": {
        "tsc": "bin/tsc",
        "tsserver": "bin/tsserver"
      },
      "engines": {
        "node": ">=4.2.0"
      }
    },
    "node_modules/yn": {
      "version": "3.1.1",
      "dev": true,
      "license": "MIT",
      "engines": {
        "node": ">=6"
      }
    }
  },
  "dependencies": {
    "@prisma/client": {
      "version": "5.1.1",
      "resolved": "https://registry.npmjs.org/@prisma/client/-/client-5.1.1.tgz",
      "integrity": "sha512-fxcCeK5pMQGcgCqCrWsi+I2rpIbk0rAhdrN+ke7f34tIrgPwA68ensrpin+9+fZvuV2OtzHmuipwduSY6HswdA==",
      "requires": {
        "@prisma/engines-version": "5.1.1-1.6a3747c37ff169c90047725a05a6ef02e32ac97e"
      }
    },
    "@prisma/engines": {
      "version": "5.1.1",
      "resolved": "https://registry.npmjs.org/@prisma/engines/-/engines-5.1.1.tgz",
      "integrity": "sha512-NV/4nVNWFZSJCCIA3HIFJbbDKO/NARc9ej0tX5S9k2EVbkrFJC4Xt9b0u4rNZWL4V+F5LAjvta8vzEUw0rw+HA=="
    },
    "@prisma/engines-version": {
      "version": "5.1.1-1.6a3747c37ff169c90047725a05a6ef02e32ac97e",
      "resolved": "https://registry.npmjs.org/@prisma/engines-version/-/engines-version-5.1.1-1.6a3747c37ff169c90047725a05a6ef02e32ac97e.tgz",
      "integrity": "sha512-owZqbY/wucbr65bXJ/ljrHPgQU5xXTSkmcE/JcbqE1kusuAXV/TLN3/exmz21SZ5rJ7WDkyk70J2G/n68iogbQ=="
    },
    "@types/node": {
      "version": "14.18.54",
      "dev": true
    },
    "arg": {
      "version": "4.1.3",
      "dev": true
    },
    "buffer-from": {
      "version": "1.1.1",
      "dev": true
    },
    "create-require": {
      "version": "1.1.1",
      "dev": true
    },
    "diff": {
      "version": "4.0.2",
      "dev": true
    },
    "make-error": {
      "version": "1.3.6",
      "dev": true
    },
    "prisma": {
      "version": "5.1.1",
      "resolved": "https://registry.npmjs.org/prisma/-/prisma-5.1.1.tgz",
      "integrity": "sha512-WJFG/U7sMmcc6TjJTTifTfpI6Wjoh55xl4AzopVwAdyK68L9/ogNo8QQ2cxuUjJf/Wa82z/uhyh3wMzvRIBphg==",
      "requires": {
        "@prisma/engines": "5.1.1"
      }
    },
    "source-map": {
      "version": "0.6.1",
      "dev": true
    },
    "source-map-support": {
      "version": "0.5.21",
      "dev": true,
      "requires": {
        "buffer-from": "^1.0.0",
        "source-map": "^0.6.0"
      }
    },
    "ts-node": {
      "version": "9.1.1",
      "dev": true,
      "requires": {
        "arg": "^4.1.0",
        "create-require": "^1.1.0",
        "diff": "^4.0.1",
        "make-error": "^1.1.1",
        "source-map-support": "^0.5.17",
        "yn": "3.1.1"
      }
    },
    "typescript": {
      "version": "4.9.5",
      "dev": true
    },
    "yn": {
      "version": "3.1.1",
      "dev": true
    }
  }
}
